
Microsoft Visual Studio Solution File, Format Version 12.00
# Visual Studio Version 16
VisualStudioVersion = 16.0.31205.134
MinimumVisualStudioVersion = 10.0.40219.1
Project("{FAE04EC0-301F-11D3-BF4B-00C04F79EFBC}") = "ConsoleApp", "ConsoleApp.csproj", "{A45DBBD0-C2DB-4385-AFF0-4BCF6B79329A}"
EndProject
Global
	GlobalSection(SolutionConfigurationPlatforms) = preSolution
		Debug|Any CPU = Debug|Any CPU
		Release|Any CPU = Release|Any CPU
	EndGlobalSection
	GlobalSection(ProjectConfigurationPlatforms) = postSolution
		{A45DBBD0-C2DB-4385-AFF0-4BCF6B79329A}.Debug|Any CPU.ActiveCfg = Debug|Any CPU
		{A45DBBD0-C2DB-4385-AFF0-4BCF6B79329A}.Debug|Any CPU.Build.0 = Debug|Any CPU
		{A45DBBD0-C2DB-4385-AFF0-4BCF6B79329A}.Release|Any CPU.ActiveCfg = Release|Any CPU
		{A45DBBD0-C2DB-4385-AFF0-4BCF6B79329A}.Release|Any CPU.Build.0 = Release|Any CPU
	EndGlobalSection
	GlobalSection(SolutionProperties) = preSolution
		HideSolutionNode = FALSE
	EndGlobalSection
	GlobalSection(ExtensibilityGlobals) = postSolution
		SolutionGuid = {94B0D518-F866-46E7-BD84-C9733AF3E7A6}
	EndGlobalSection
EndGlobal
